<?xml version="1.0" encoding="UTF-8" standalone="yes" ?>
<CodeBlocks_project_file>
	<FileVersion major="1" minor="6" />
	<Project>
		<Option title="ssteam" />
		<Option pch_mode="2" />
		<Option compiler="gcc" />
		<Build>
			<Target title="Debug">
				<Option output="bin/Debug/ssteam" prefix_auto="1" extension_auto="1" />
				<Option object_output="obj/Debug/" />
				<Option type="1" />
				<Option compiler="gcc" />
				<Compiler>
					<Add option="-g" />
				</Compiler>
			</Target>
			<Target title="Release">
				<Option output="bin/Release/ssteam" prefix_auto="1" extension_auto="1" />
				<Option object_output="obj/Release/" />
				<Option type="1" />
				<Option compiler="gcc" />
				<Compiler>
					<Add option="-O2" />
				</Compiler>
				<Linker>
					<Add option="-s" />
				</Linker>
			</Target>
		</Build>
		<Compiler>
			<Add option="-Wall" />
			<Add option="`pkg-config --libs --cflags gtk+-3.0`" />
		</Compiler>
		<Linker>
			<Add option="-s" />
			<Add option="`pkg-config --libs --cflags gtk+-3.0`" />
			<Add library="libssh" />
		</Linker>
		<Unit filename="main.c">
			<Option compilerVar="CC" />
		</Unit>
		<Unit filename="sftp.c">
			<Option compilerVar="CC" />
		</Unit>
		<Unit filename="sftp.h" />
		<Extensions>
			<envvars />
			<code_completion />
			<lib_finder disable_auto="1">
				<lib name="libssh" />
				<lib name="libssh_threads" />
				<lib name="gtk+-3.0" />
			</lib_finder>
			<debugger />
			<wxsmith version="1">
				<gui name="wxWidgets" src="" main="" init_handlers="necessary" language="CPP" />
				<resources>
					<wxPanel wxs="wxsmith/NewPanel.wxs" src="NewPanel.cpp" hdr="NewPanel.h" fwddecl="0" i18n="1" name="NewPanel" language="CPP" />
				</resources>
			</wxsmith>
		</Extensions>
	</Project>
</CodeBlocks_project_file>
